
Microsoft Visual Studio Solution File, Format Version 12.00
# Visual Studio Version 16
VisualStudioVersion = 16.0.29215.179
MinimumVisualStudioVersion = 10.0.40219.1
Project("{FAE04EC0-301F-11D3-BF4B-00C04F79EFBC}") = "HangMan", "HangMan\HangMan.csproj", "{F7A1ACC6-D183-4CF7-B23D-80E4A62AA8CC}"
EndProject
Global
	GlobalSection(SolutionConfigurationPlatforms) = preSolution
		Debug|Any CPU = Debug|Any CPU
		Release|Any CPU = Release|Any CPU
	EndGlobalSection
	GlobalSection(ProjectConfigurationPlatforms) = postSolution
		{F7A1ACC6-D183-4CF7-B23D-80E4A62AA8CC}.Debug|Any CPU.ActiveCfg = Debug|Any CPU
		{F7A1ACC6-D183-4CF7-B23D-80E4A62AA8CC}.Debug|Any CPU.Build.0 = Debug|Any CPU
		{F7A1ACC6-D183-4CF7-B23D-80E4A62AA8CC}.Release|Any CPU.ActiveCfg = Release|Any CPU
		{F7A1ACC6-D183-4CF7-B23D-80E4A62AA8CC}.Release|Any CPU.Build.0 = Release|Any CPU
	EndGlobalSection
	GlobalSection(SolutionProperties) = preSolution
		HideSolutionNode = FALSE
	EndGlobalSection
	GlobalSection(ExtensibilityGlobals) = postSolution
		SolutionGuid = {4865B2FF-CC6E-4631-B255-C777BF239E03}
	EndGlobalSection
EndGlobal
